
Microsoft Visual Studio Solution File, Format Version 12.00
# Visual Studio Version 17
VisualStudioVersion = 17.5.33516.290
MinimumVisualStudioVersion = 10.0.40219.1
Project("{FAE04EC0-301F-11D3-BF4B-00C04F79EFBC}") = "Movies-Tickets-Ecommerce-App", "Movies-Tickets-Ecommerce-App.csproj", "{0D8C9D77-735C-4679-AACD-3A108FA06E45}"
EndProject
Global
	GlobalSection(SolutionConfigurationPlatforms) = preSolution
		Debug|Any CPU = Debug|Any CPU
		Release|Any CPU = Release|Any CPU
	EndGlobalSection
	GlobalSection(ProjectConfigurationPlatforms) = postSolution
		{0D8C9D77-735C-4679-AACD-3A108FA06E45}.Debug|Any CPU.ActiveCfg = Debug|Any CPU
		{0D8C9D77-735C-4679-AACD-3A108FA06E45}.Debug|Any CPU.Build.0 = Debug|Any CPU
		{0D8C9D77-735C-4679-AACD-3A108FA06E45}.Release|Any CPU.ActiveCfg = Release|Any CPU
		{0D8C9D77-735C-4679-AACD-3A108FA06E45}.Release|Any CPU.Build.0 = Release|Any CPU
	EndGlobalSection
	GlobalSection(SolutionProperties) = preSolution
		HideSolutionNode = FALSE
	EndGlobalSection
	GlobalSection(ExtensibilityGlobals) = postSolution
		SolutionGuid = {826D697D-6FB4-4442-AD3B-85050DF0E2FB}
	EndGlobalSection
EndGlobal
